
Microsoft Visual Studio Solution File, Format Version 12.00
# Visual Studio Version 17
VisualStudioVersion = 17.13.35931.197 d17.13
MinimumVisualStudioVersion = 10.0.40219.1
Project("{FAE04EC0-301F-11D3-BF4B-00C04F79EFBC}") = "spdiffchanger", "spdiffchanger.csproj", "{C8F4C25A-7293-4AE1-88B8-C4E5DC638395}"
EndProject
Global
	GlobalSection(SolutionConfigurationPlatforms) = preSolution
		Debug|Any CPU = Debug|Any CPU
		Release|Any CPU = Release|Any CPU
	EndGlobalSection
	GlobalSection(ProjectConfigurationPlatforms) = postSolution
		{C8F4C25A-7293-4AE1-88B8-C4E5DC638395}.Debug|Any CPU.ActiveCfg = Debug|Any CPU
		{C8F4C25A-7293-4AE1-88B8-C4E5DC638395}.Debug|Any CPU.Build.0 = Debug|Any CPU
		{C8F4C25A-7293-4AE1-88B8-C4E5DC638395}.Release|Any CPU.ActiveCfg = Release|Any CPU
		{C8F4C25A-7293-4AE1-88B8-C4E5DC638395}.Release|Any CPU.Build.0 = Release|Any CPU
	EndGlobalSection
	GlobalSection(SolutionProperties) = preSolution
		HideSolutionNode = FALSE
	EndGlobalSection
	GlobalSection(ExtensibilityGlobals) = postSolution
		SolutionGuid = {2AD5FDF8-DF0E-4FB0-ACF2-48D91937765C}
	EndGlobalSection
EndGlobal
